
Microsoft Visual Studio Solution File, Format Version 12.00
# Visual Studio 14
VisualStudioVersion = 14.0.25420.1
MinimumVisualStudioVersion = 10.0.40219.1
Project("{FAE04EC0-301F-11D3-BF4B-00C04F79EFBC}") = "Nexus.Droid", "Nexus\Nexus.Droid\Nexus.Droid.csproj", "{441D4E48-6442-4F28-A370-6A88776AA56C}"
EndProject
Project("{FAE04EC0-301F-11D3-BF4B-00C04F79EFBC}") = "Nexus.iOS", "Nexus\Nexus.iOS\Nexus.iOS.csproj", "{4354745D-4E9B-4732-8B56-2F9059B128AC}"
EndProject
Project("{FAE04EC0-301F-11D3-BF4B-00C04F79EFBC}") = "Nexus", "Nexus\Nexus\Nexus.csproj", "{3B79FB34-1D29-467B-B7CE-6300CABC0AF8}"
EndProject
Global
	GlobalSection(SolutionConfigurationPlatforms) = preSolution
		Debug|Any CPU = Debug|Any CPU
		Debug|iPhone = Debug|iPhone
		Debug|iPhoneSimulator = Debug|iPhoneSimulator
		Release|Any CPU = Release|Any CPU
		Release|iPhone = Release|iPhone
		Release|iPhoneSimulator = Release|iPhoneSimulator
	EndGlobalSection
	GlobalSection(ProjectConfigurationPlatforms) = postSolution
		{441D4E48-6442-4F28-A370-6A88776AA56C}.Debug|Any CPU.ActiveCfg = Debug|Any CPU
		{441D4E48-6442-4F28-A370-6A88776AA56C}.Debug|Any CPU.Build.0 = Debug|Any CPU
		{441D4E48-6442-4F28-A370-6A88776AA56C}.Debug|Any CPU.Deploy.0 = Debug|Any CPU
		{441D4E48-6442-4F28-A370-6A88776AA56C}.Debug|iPhone.ActiveCfg = Debug|Any CPU
		{441D4E48-6442-4F28-A370-6A88776AA56C}.Debug|iPhone.Build.0 = Debug|Any CPU
		{441D4E48-6442-4F28-A370-6A88776AA56C}.Debug|iPhone.Deploy.0 = Debug|Any CPU
		{441D4E48-6442-4F28-A370-6A88776AA56C}.Debug|iPhoneSimulator.ActiveCfg = Debug|Any CPU
		{441D4E48-6442-4F28-A370-6A88776AA56C}.Debug|iPhoneSimulator.Build.0 = Debug|Any CPU
		{441D4E48-6442-4F28-A370-6A88776AA56C}.Debug|iPhoneSimulator.Deploy.0 = Debug|Any CPU
		{441D4E48-6442-4F28-A370-6A88776AA56C}.Release|Any CPU.ActiveCfg = Release|Any CPU
		{441D4E48-6442-4F28-A370-6A88776AA56C}.Release|Any CPU.Build.0 = Release|Any CPU
		{441D4E48-6442-4F28-A370-6A88776AA56C}.Release|Any CPU.Deploy.0 = Release|Any CPU
		{441D4E48-6442-4F28-A370-6A88776AA56C}.Release|iPhone.ActiveCfg = Release|Any CPU
		{441D4E48-6442-4F28-A370-6A88776AA56C}.Release|iPhone.Build.0 = Release|Any CPU
		{441D4E48-6442-4F28-A370-6A88776AA56C}.Release|iPhone.Deploy.0 = Release|Any CPU
		{441D4E48-6442-4F28-A370-6A88776AA56C}.Release|iPhoneSimulator.ActiveCfg = Release|Any CPU
		{441D4E48-6442-4F28-A370-6A88776AA56C}.Release|iPhoneSimulator.Build.0 = Release|Any CPU
		{441D4E48-6442-4F28-A370-6A88776AA56C}.Release|iPhoneSimulator.Deploy.0 = Release|Any CPU
		{4354745D-4E9B-4732-8B56-2F9059B128AC}.Debug|Any CPU.ActiveCfg = Debug|iPhone
		{4354745D-4E9B-4732-8B56-2F9059B128AC}.Debug|iPhone.ActiveCfg = Debug|iPhone
		{4354745D-4E9B-4732-8B56-2F9059B128AC}.Debug|iPhone.Build.0 = Debug|iPhone
		{4354745D-4E9B-4732-8B56-2F9059B128AC}.Debug|iPhoneSimulator.ActiveCfg = Debug|iPhoneSimulator
		{4354745D-4E9B-4732-8B56-2F9059B128AC}.Debug|iPhoneSimulator.Build.0 = Debug|iPhoneSimulator
		{4354745D-4E9B-4732-8B56-2F9059B128AC}.Release|Any CPU.ActiveCfg = Release|iPhone
		{4354745D-4E9B-4732-8B56-2F9059B128AC}.Release|iPhone.ActiveCfg = Release|iPhone
		{4354745D-4E9B-4732-8B56-2F9059B128AC}.Release|iPhone.Build.0 = Release|iPhone
		{4354745D-4E9B-4732-8B56-2F9059B128AC}.Release|iPhoneSimulator.ActiveCfg = Release|iPhoneSimulator
		{4354745D-4E9B-4732-8B56-2F9059B128AC}.Release|iPhoneSimulator.Build.0 = Release|iPhoneSimulator
		{3B79FB34-1D29-467B-B7CE-6300CABC0AF8}.Debug|Any CPU.ActiveCfg = Debug|Any CPU
		{3B79FB34-1D29-467B-B7CE-6300CABC0AF8}.Debug|Any CPU.Build.0 = Debug|Any CPU
		{3B79FB34-1D29-467B-B7CE-6300CABC0AF8}.Debug|iPhone.ActiveCfg = Debug|Any CPU
		{3B79FB34-1D29-467B-B7CE-6300CABC0AF8}.Debug|iPhone.Build.0 = Debug|Any CPU
		{3B79FB34-1D29-467B-B7CE-6300CABC0AF8}.Debug|iPhoneSimulator.ActiveCfg = Debug|Any CPU
		{3B79FB34-1D29-467B-B7CE-6300CABC0AF8}.Debug|iPhoneSimulator.Build.0 = Debug|Any CPU
		{3B79FB34-1D29-467B-B7CE-6300CABC0AF8}.Release|Any CPU.ActiveCfg = Release|Any CPU
		{3B79FB34-1D29-467B-B7CE-6300CABC0AF8}.Release|Any CPU.Build.0 = Release|Any CPU
		{3B79FB34-1D29-467B-B7CE-6300CABC0AF8}.Release|iPhone.ActiveCfg = Release|Any CPU
		{3B79FB34-1D29-467B-B7CE-6300CABC0AF8}.Release|iPhone.Build.0 = Release|Any CPU
		{3B79FB34-1D29-467B-B7CE-6300CABC0AF8}.Release|iPhoneSimulator.ActiveCfg = Release|Any CPU
		{3B79FB34-1D29-467B-B7CE-6300CABC0AF8}.Release|iPhoneSimulator.Build.0 = Release|Any CPU
	EndGlobalSection
	GlobalSection(SolutionProperties) = preSolution
		HideSolutionNode = FALSE
	EndGlobalSection
EndGlobal
